
Microsoft Visual Studio Solution File, Format Version 12.00
# Visual Studio Version 16
VisualStudioVersion = 16.0.31727.386
MinimumVisualStudioVersion = 10.0.40219.1
Project("{FAE04EC0-301F-11D3-BF4B-00C04F79EFBC}") = "SampleApplication", "SampleApplication.csproj", "{5784E0CC-4F4B-49AE-BACD-3127533D15E2}"
EndProject
Global
	GlobalSection(SolutionConfigurationPlatforms) = preSolution
		Debug|Any CPU = Debug|Any CPU
		Release|Any CPU = Release|Any CPU
	EndGlobalSection
	GlobalSection(ProjectConfigurationPlatforms) = postSolution
		{5784E0CC-4F4B-49AE-BACD-3127533D15E2}.Debug|Any CPU.ActiveCfg = Debug|Any CPU
		{5784E0CC-4F4B-49AE-BACD-3127533D15E2}.Debug|Any CPU.Build.0 = Debug|Any CPU
		{5784E0CC-4F4B-49AE-BACD-3127533D15E2}.Release|Any CPU.ActiveCfg = Release|Any CPU
		{5784E0CC-4F4B-49AE-BACD-3127533D15E2}.Release|Any CPU.Build.0 = Release|Any CPU
	EndGlobalSection
	GlobalSection(SolutionProperties) = preSolution
		HideSolutionNode = FALSE
	EndGlobalSection
	GlobalSection(ExtensibilityGlobals) = postSolution
		SolutionGuid = {55317612-46A8-4722-910D-D4496C2E592A}
	EndGlobalSection
EndGlobal
