
Microsoft Visual Studio Solution File, Format Version 12.00
# Visual Studio Version 16
VisualStudioVersion = 16.0.31727.386
MinimumVisualStudioVersion = 10.0.40219.1
Project("{FAE04EC0-301F-11D3-BF4B-00C04F79EFBC}") = "StringRev", "StringRev\StringRev.csproj", "{F67BB3C7-006B-4934-A2AF-C71FC262D96B}"
EndProject
Global
	GlobalSection(SolutionConfigurationPlatforms) = preSolution
		Debug|Any CPU = Debug|Any CPU
		Release|Any CPU = Release|Any CPU
	EndGlobalSection
	GlobalSection(ProjectConfigurationPlatforms) = postSolution
		{F67BB3C7-006B-4934-A2AF-C71FC262D96B}.Debug|Any CPU.ActiveCfg = Debug|Any CPU
		{F67BB3C7-006B-4934-A2AF-C71FC262D96B}.Debug|Any CPU.Build.0 = Debug|Any CPU
		{F67BB3C7-006B-4934-A2AF-C71FC262D96B}.Release|Any CPU.ActiveCfg = Release|Any CPU
		{F67BB3C7-006B-4934-A2AF-C71FC262D96B}.Release|Any CPU.Build.0 = Release|Any CPU
	EndGlobalSection
	GlobalSection(SolutionProperties) = preSolution
		HideSolutionNode = FALSE
	EndGlobalSection
	GlobalSection(ExtensibilityGlobals) = postSolution
		SolutionGuid = {38AB8729-D8C3-4713-8F4F-6A51F1334228}
	EndGlobalSection
EndGlobal
